// !$*UTF8*$!
{
	archiveVersion = 1;
	classes = {
	};
	objectVersion = 50;
	objects = {

/* Begin PBXBuildFile section */
		A66C2AE1295CC74A00527C05 /* AppDelegate.swift in Sources */ = {isa = PBXBuildFile; fileRef = A66C2AE0295CC74A00527C05 /* AppDelegate.swift */; };
		A66C2AE3295CC74A00527C05 /* SceneDelegate.swift in Sources */ = {isa = PBXBuildFile; fileRef = A66C2AE2295CC74A00527C05 /* SceneDelegate.swift */; };
		A66C2AE5295CC74A00527C05 /* ViewController.swift in Sources */ = {isa = PBXBuildFile; fileRef = A66C2AE4295CC74A00527C05 /* ViewController.swift */; };
		A66C2AE8295CC74A00527C05 /* Main.storyboard in Resources */ = {isa = PBXBuildFile; fileRef = A66C2AE6295CC74A00527C05 /* Main.storyboard */; };
		A66C2AEA295CC74B00527C05 /* Assets.xcassets in Resources */ = {isa = PBXBuildFile; fileRef = A66C2AE9295CC74B00527C05 /* Assets.xcassets */; };
		A66C2AED295CC74B00527C05 /* LaunchScreen.storyboard in Resources */ = {isa = PBXBuildFile; fileRef = A66C2AEB295CC74B00527C05 /* LaunchScreen.storyboard */; };
		A66C2AF5295CCDC100527C05 /* GoogleService-Info.plist in Resources */ = {isa = PBXBuildFile; fileRef = A66C2AF4295CCDC100527C05 /* GoogleService-Info.plist */; };
		CDDA08ADEC8E8A59DCBF37BE /* Pods_iPollingSystem.framework in Frameworks */ = {isa = PBXBuildFile; fileRef = 66A49E2A2BFCCAD0694DE262 /* Pods_iPollingSystem.framework */; };
/* End PBXBuildFile section */

/* Begin PBXFileReference section */
		66A49E2A2BFCCAD0694DE262 /* Pods_iPollingSystem.framework */ = {isa = PBXFileReference; explicitFileType = wrapper.framework; includeInIndex = 0; path = Pods_iPollingSystem.framework; sourceTree = BUILT_PRODUCTS_DIR; };
		6820B863A0F9A66370C53CEC /* Pods-iPollingSystem.release.xcconfig */ = {isa = PBXFileReference; includeInIndex = 1; lastKnownFileType = text.xcconfig; name = "Pods-iPollingSystem.release.xcconfig"; path = "Pods/Target Support Files/Pods-iPollingSystem/Pods-iPollingSystem.release.xcconfig"; sourceTree = "<group>"; };
		A66C2ADD295CC74A00527C05 /* iPollingSystem.app */ = {isa = PBXFileReference; explicitFileType = wrapper.application; includeInIndex = 0; path = iPollingSystem.app; sourceTree = BUILT_PRODUCTS_DIR; };
		A66C2AE0295CC74A00527C05 /* AppDelegate.swift */ = {isa = PBXFileReference; lastKnownFileType = sourcecode.swift; path = AppDelegate.swift; sourceTree = "<group>"; };
		A66C2AE2295CC74A00527C05 /* SceneDelegate.swift */ = {isa = PBXFileReference; lastKnownFileType = sourcecode.swift; path = SceneDelegate.swift; sourceTree = "<group>"; };
		A66C2AE4295CC74A00527C05 /* ViewController.swift */ = {isa = PBXFileReference; lastKnownFileType = sourcecode.swift; path = ViewController.swift; sourceTree = "<group>"; };
		A66C2AE7295CC74A00527C05 /* Base */ = {isa = PBXFileReference; lastKnownFileType = file.storyboard; name = Base; path = Base.lproj/Main.storyboard; sourceTree = "<group>"; };
		A66C2AE9295CC74B00527C05 /* Assets.xcassets */ = {isa = PBXFileReference; lastKnownFileType = folder.assetcatalog; path = Assets.xcassets; sourceTree = "<group>"; };
		A66C2AEC295CC74B00527C05 /* Base */ = {isa = PBXFileReference; lastKnownFileType = file.storyboard; name = Base; path = Base.lproj/LaunchScreen.storyboard; sourceTree = "<group>"; };
		A66C2AEE295CC74B00527C05 /* Info.plist */ = {isa = PBXFileReference; lastKnownFileType = text.plist.xml; path = Info.plist; sourceTree = "<group>"; };
		A66C2AF4295CCDC100527C05 /* GoogleService-Info.plist */ = {isa = PBXFileReference; fileEncoding = 4; lastKnownFileType = text.plist.xml; name = "GoogleService-Info.plist"; path = "../../../Downloads/GoogleService-Info.plist"; sourceTree = "<group>"; };
		F2AD6CD7762E903B07A3021A /* Pods-iPollingSystem.debug.xcconfig */ = {isa = PBXFileReference; includeInIndex = 1; lastKnownFileType = text.xcconfig; name = "Pods-iPollingSystem.debug.xcconfig"; path = "Pods/Target Support Files/Pods-iPollingSystem/Pods-iPollingSystem.debug.xcconfig"; sourceTree = "<group>"; };
/* End PBXFileReference section */

/* Begin PBXFrameworksBuildPhase section */
		A66C2ADA295CC74A00527C05 /* Frameworks */ = {
			isa = PBXFrameworksBuildPhase;
			buildActionMask = 2147483647;
			files = (
				CDDA08ADEC8E8A59DCBF37BE /* Pods_iPollingSystem.framework in Frameworks */,
			);
			runOnlyForDeploymentPostprocessing = 0;
		};
/* End PBXFrameworksBuildPhase section */

/* Begin PBXGroup section */
		806B8278C16774DE6600B0DB /* Frameworks */ = {
			isa = PBXGroup;
			children = (
				66A49E2A2BFCCAD0694DE262 /* Pods_iPollingSystem.framework */,
			);
			name = Frameworks;
			sourceTree = "<group>";
		};
		A66C2AD4295CC74A00527C05 = {
			isa = PBXGroup;
			children = (
				A66C2ADF295CC74A00527C05 /* iPollingSystem */,
				A66C2ADE295CC74A00527C05 /* Products */,
				FCDD538DB8371A79C659F53F /* Pods */,
				806B8278C16774DE6600B0DB /* Frameworks */,
			);
			sourceTree = "<group>";
		};
		A66C2ADE295CC74A00527C05 /* Products */ = {
			isa = PBXGroup;
			children = (
				A66C2ADD295CC74A00527C05 /* iPollingSystem.app */,
			);
			name = Products;
			sourceTree = "<group>";
		};
		A66C2ADF295CC74A00527C05 /* iPollingSystem */ = {
			isa = PBXGroup;
			children = (
				A66C2AF4295CCDC100527C05 /* GoogleService-Info.plist */,
				A66C2AE0295CC74A00527C05 /* AppDelegate.swift */,
				A66C2AE2295CC74A00527C05 /* SceneDelegate.swift */,
				A66C2AE4295CC74A00527C05 /* ViewController.swift */,
				A66C2AE6295CC74A00527C05 /* Main.storyboard */,
				A66C2AE9295CC74B00527C05 /* Assets.xcassets */,
				A66C2AEB295CC74B00527C05 /* LaunchScreen.storyboard */,
				A66C2AEE295CC74B00527C05 /* Info.plist */,
			);
			path = iPollingSystem;
			sourceTree = "<group>";
		};
		FCDD538DB8371A79C659F53F /* Pods */ = {
			isa = PBXGroup;
			children = (
				F2AD6CD7762E903B07A3021A /* Pods-iPollingSystem.debug.xcconfig */,
				6820B863A0F9A66370C53CEC /* Pods-iPollingSystem.release.xcconfig */,
			);
			name = Pods;
			sourceTree = "<group>";
		};
/* End PBXGroup section */

/* Begin PBXNativeTarget section */
		A66C2ADC295CC74A00527C05 /* iPollingSystem */ = {
			isa = PBXNativeTarget;
			buildConfigurationList = A66C2AF1295CC74B00527C05 /* Build configuration list for PBXNativeTarget "iPollingSystem" */;
			buildPhases = (
				0620C91696D10D47DAE88922 /* [CP] Check Pods Manifest.lock */,
				A66C2AD9295CC74A00527C05 /* Sources */,
				A66C2ADA295CC74A00527C05 /* Frameworks */,
				A66C2ADB295CC74A00527C05 /* Resources */,
				7B2221BC390F02030CB46955 /* [CP] Embed Pods Frameworks */,
			);
			buildRules = (
			);
			dependencies = (
			);
			name = iPollingSystem;
			productName = iPollingSystem;
			productReference = A66C2ADD295CC74A00527C05 /* iPollingSystem.app */;
			productType = "com.apple.product-type.application";
		};
/* End PBXNativeTarget section */

/* Begin PBXProject section */
		A66C2AD5295CC74A00527C05 /* Project object */ = {
			isa = PBXProject;
			attributes = {
				LastSwiftUpdateCheck = 1100;
				LastUpgradeCheck = 1100;
				ORGANIZATIONNAME = Nextsense;
				TargetAttributes = {
					A66C2ADC295CC74A00527C05 = {
						CreatedOnToolsVersion = 11.0;
					};
				};
			};
			buildConfigurationList = A66C2AD8295CC74A00527C05 /* Build configuration list for PBXProject "iPollingSystem" */;
			compatibilityVersion = "Xcode 9.3";
			developmentRegion = en;
			hasScannedForEncodings = 0;
			knownRegions = (
				en,
				Base,
			);
			mainGroup = A66C2AD4295CC74A00527C05;
			productRefGroup = A66C2ADE295CC74A00527C05 /* Products */;
			projectDirPath = "";
			projectRoot = "";
			targets = (
				A66C2ADC295CC74A00527C05 /* iPollingSystem */,
			);
		};
/* End PBXProject section */

/* Begin PBXResourcesBuildPhase section */
		A66C2ADB295CC74A00527C05 /* Resources */ = {
			isa = PBXResourcesBuildPhase;
			buildActionMask = 2147483647;
			files = (
				A66C2AED295CC74B00527C05 /* LaunchScreen.storyboard in Resources */,
				A66C2AF5295CCDC100527C05 /* GoogleService-Info.plist in Resources */,
				A66C2AEA295CC74B00527C05 /* Assets.xcassets in Resources */,
				A66C2AE8295CC74A00527C05 /* Main.storyboard in Resources */,
			);
			runOnlyForDeploymentPostprocessing = 0;
		};
/* End PBXResourcesBuildPhase section */

/* Begin PBXShellScriptBuildPhase section */
		0620C91696D10D47DAE88922 /* [CP] Check Pods Manifest.lock */ = {
			isa = PBXShellScriptBuildPhase;
			buildActionMask = 2147483647;
			files = (
			);
			inputFileListPaths = (
			);
			inputPaths = (
				"${PODS_PODFILE_DIR_PATH}/Podfile.lock",
				"${PODS_ROOT}/Manifest.lock",
			);
			name = "[CP] Check Pods Manifest.lock";
			outputFileListPaths = (
			);
			outputPaths = (
				"$(DERIVED_FILE_DIR)/Pods-iPollingSystem-checkManifestLockResult.txt",
			);
			runOnlyForDeploymentPostprocessing = 0;
			shellPath = /bin/sh;
			shellScript = "diff \"${PODS_PODFILE_DIR_PATH}/Podfile.lock\" \"${PODS_ROOT}/Manifest.lock\" > /dev/null\nif [ $? != 0 ] ; then\n    # print error to STDERR\n    echo \"error: The sandbox is not in sync with the Podfile.lock. Run 'pod install' or update your CocoaPods installation.\" >&2\n    exit 1\nfi\n# This output is used by Xcode 'outputs' to avoid re-running this script phase.\necho \"SUCCESS\" > \"${SCRIPT_OUTPUT_FILE_0}\"\n";
			showEnvVarsInLog = 0;
		};
		7B2221BC390F02030CB46955 /* [CP] Embed Pods Frameworks */ = {
			isa = PBXShellScriptBuildPhase;
			buildActionMask = 2147483647;
			files = (
			);
			inputFileListPaths = (
			);
			inputPaths = (
				"${SRCROOT}/Pods/Target Support Files/Pods-iPollingSystem/Pods-iPollingSystem-frameworks.sh",
				"${BUILT_PRODUCTS_DIR}/BoringSSL-GRPC/openssl_grpc.framework",
				"${BUILT_PRODUCTS_DIR}/FirebaseAuth/FirebaseAuth.framework",
				"${BUILT_PRODUCTS_DIR}/FirebaseCore/FirebaseCore.framework",
				"${BUILT_PRODUCTS_DIR}/FirebaseCoreInternal/FirebaseCoreInternal.framework",
				"${BUILT_PRODUCTS_DIR}/FirebaseDatabase/FirebaseDatabase.framework",
				"${BUILT_PRODUCTS_DIR}/FirebaseFirestore/FirebaseFirestore.framework",
				"${BUILT_PRODUCTS_DIR}/GTMSessionFetcher/GTMSessionFetcher.framework",
				"${BUILT_PRODUCTS_DIR}/GoogleUtilities/GoogleUtilities.framework",
				"${BUILT_PRODUCTS_DIR}/Libuv-gRPC/uv.framework",
				"${BUILT_PRODUCTS_DIR}/PromisesObjC/FBLPromises.framework",
				"${BUILT_PRODUCTS_DIR}/abseil/absl.framework",
				"${BUILT_PRODUCTS_DIR}/gRPC-C++/grpcpp.framework",
				"${BUILT_PRODUCTS_DIR}/gRPC-Core/grpc.framework",
				"${BUILT_PRODUCTS_DIR}/leveldb-library/leveldb.framework",
				"${BUILT_PRODUCTS_DIR}/nanopb/nanopb.framework",
			);
			name = "[CP] Embed Pods Frameworks";
			outputFileListPaths = (
			);
			outputPaths = (
				"${TARGET_BUILD_DIR}/${FRAMEWORKS_FOLDER_PATH}/openssl_grpc.framework",
				"${TARGET_BUILD_DIR}/${FRAMEWORKS_FOLDER_PATH}/FirebaseAuth.framework",
				"${TARGET_BUILD_DIR}/${FRAMEWORKS_FOLDER_PATH}/FirebaseCore.framework",
				"${TARGET_BUILD_DIR}/${FRAMEWORKS_FOLDER_PATH}/FirebaseCoreInternal.framework",
				"${TARGET_BUILD_DIR}/${FRAMEWORKS_FOLDER_PATH}/FirebaseDatabase.framework",
				"${TARGET_BUILD_DIR}/${FRAMEWORKS_FOLDER_PATH}/FirebaseFirestore.framework",
				"${TARGET_BUILD_DIR}/${FRAMEWORKS_FOLDER_PATH}/GTMSessionFetcher.framework",
				"${TARGET_BUILD_DIR}/${FRAMEWORKS_FOLDER_PATH}/GoogleUtilities.framework",
				"${TARGET_BUILD_DIR}/${FRAMEWORKS_FOLDER_PATH}/uv.framework",
				"${TARGET_BUILD_DIR}/${FRAMEWORKS_FOLDER_PATH}/FBLPromises.framework",
				"${TARGET_BUILD_DIR}/${FRAMEWORKS_FOLDER_PATH}/absl.framework",
				"${TARGET_BUILD_DIR}/${FRAMEWORKS_FOLDER_PATH}/grpcpp.framework",
				"${TARGET_BUILD_DIR}/${FRAMEWORKS_FOLDER_PATH}/grpc.framework",
				"${TARGET_BUILD_DIR}/${FRAMEWORKS_FOLDER_PATH}/leveldb.framework",
				"${TARGET_BUILD_DIR}/${FRAMEWORKS_FOLDER_PATH}/nanopb.framework",
			);
			runOnlyForDeploymentPostprocessing = 0;
			shellPath = /bin/sh;
			shellScript = "\"${SRCROOT}/Pods/Target Support Files/Pods-iPollingSystem/Pods-iPollingSystem-frameworks.sh\"\n";
			showEnvVarsInLog = 0;
		};
/* End PBXShellScriptBuildPhase section */

/* Begin PBXSourcesBuildPhase section */
		A66C2AD9295CC74A00527C05 /* Sources */ = {
			isa = PBXSourcesBuildPhase;
			buildActionMask = 2147483647;
			files = (
				A66C2AE5295CC74A00527C05 /* ViewController.swift in Sources */,
				A66C2AE1295CC74A00527C05 /* AppDelegate.swift in Sources */,
				A66C2AE3295CC74A00527C05 /* SceneDelegate.swift in Sources */,
			);
			runOnlyForDeploymentPostprocessing = 0;
		};
/* End PBXSourcesBuildPhase section */

/* Begin PBXVariantGroup section */
		A66C2AE6295CC74A00527C05 /* Main.storyboard */ = {
			isa = PBXVariantGroup;
			children = (
				A66C2AE7295CC74A00527C05 /* Base */,
			);
			name = Main.storyboard;
			sourceTree = "<group>";
		};
		A66C2AEB295CC74B00527C05 /* LaunchScreen.storyboard */ = {
			isa = PBXVariantGroup;
			children = (
				A66C2AEC295CC74B00527C05 /* Base */,
			);
			name = LaunchScreen.storyboard;
			sourceTree = "<group>";
		};
/* End PBXVariantGroup section */

/* Begin XCBuildConfiguration section */
		A66C2AEF295CC74B00527C05 /* Debug */ = {
			isa = XCBuildConfiguration;
			buildSettings = {
				ALWAYS_SEARCH_USER_PATHS = NO;
				CLANG_ANALYZER_NONNULL = YES;
				CLANG_ANALYZER_NUMBER_OBJECT_CONVERSION = YES_AGGRESSIVE;
				CLANG_CXX_LANGUAGE_STANDARD = "gnu++14";
				CLANG_CXX_LIBRARY = "libc++";
				CLANG_ENABLE_MODULES = YES;
				CLANG_ENABLE_OBJC_ARC = YES;
				CLANG_ENABLE_OBJC_WEAK = YES;
				CLANG_WARN_BLOCK_CAPTURE_AUTORELEASING = YES;
				CLANG_WARN_BOOL_CONVERSION = YES;
				CLANG_WARN_COMMA = YES;
				CLANG_WARN_CONSTANT_CONVERSION = YES;
				CLANG_WARN_DEPRECATED_OBJC_IMPLEMENTATIONS = YES;
				CLANG_WARN_DIRECT_OBJC_ISA_USAGE = YES_ERROR;
				CLANG_WARN_DOCUMENTATION_COMMENTS = YES;
				CLANG_WARN_EMPTY_BODY = YES;
				CLANG_WARN_ENUM_CONVERSION = YES;
				CLANG_WARN_INFINITE_RECURSION = YES;
				CLANG_WARN_INT_CONVERSION = YES;
				CLANG_WARN_NON_LITERAL_NULL_CONVERSION = YES;
				CLANG_WARN_OBJC_IMPLICIT_RETAIN_SELF = YES;
				CLANG_WARN_OBJC_LITERAL_CONVERSION = YES;
				CLANG_WARN_OBJC_ROOT_CLASS = YES_ERROR;
				CLANG_WARN_RANGE_LOOP_ANALYSIS = YES;
				CLANG_WARN_STRICT_PROTOTYPES = YES;
				CLANG_WARN_SUSPICIOUS_MOVE = YES;
				CLANG_WARN_UNGUARDED_AVAILABILITY = YES_AGGRESSIVE;
				CLANG_WARN_UNREACHABLE_CODE = YES;
				CLANG_WARN__DUPLICATE_METHOD_MATCH = YES;
				COPY_PHASE_STRIP = NO;
				DEBUG_INFORMATION_FORMAT = dwarf;
				ENABLE_STRICT_OBJC_MSGSEND = YES;
				ENABLE_TESTABILITY = YES;
				GCC_C_LANGUAGE_STANDARD = gnu11;
				GCC_DYNAMIC_NO_PIC = NO;
				GCC_NO_COMMON_BLOCKS = YES;
				GCC_OPTIMIZATION_LEVEL = 0;
				GCC_PREPROCESSOR_DEFINITIONS = (
					"DEBUG=1",
					"$(inherited)",
				);
				GCC_WARN_64_TO_32_BIT_CONVERSION = YES;
				GCC_WARN_ABOUT_RETURN_TYPE = YES_ERROR;
				GCC_WARN_UNDECLARED_SELECTOR = YES;
				GCC_WARN_UNINITIALIZED_AUTOS = YES_AGGRESSIVE;
				GCC_WARN_UNUSED_FUNCTION = YES;
				GCC_WARN_UNUSED_VARIABLE = YES;
				IPHONEOS_DEPLOYMENT_TARGET = 13.0;
				MTL_ENABLE_DEBUG_INFO = INCLUDE_SOURCE;
				MTL_FAST_MATH = YES;
				ONLY_ACTIVE_ARCH = YES;
				SDKROOT = iphoneos;
				SWIFT_ACTIVE_COMPILATION_CONDITIONS = DEBUG;
				SWIFT_OPTIMIZATION_LEVEL = "-Onone";
			};
			name = Debug;
		};
		A66C2AF0295CC74B00527C05 /* Release */ = {
			isa = XCBuildConfiguration;
			buildSettings = {
				ALWAYS_SEARCH_USER_PATHS = NO;
				CLANG_ANALYZER_NONNULL = YES;
				CLANG_ANALYZER_NUMBER_OBJECT_CONVERSION = YES_AGGRESSIVE;
				CLANG_CXX_LANGUAGE_STANDARD = "gnu++14";
				CLANG_CXX_LIBRARY = "libc++";
				CLANG_ENABLE_MODULES = YES;
				CLANG_ENABLE_OBJC_ARC = YES;
				CLANG_ENABLE_OBJC_WEAK = YES;
				CLANG_WARN_BLOCK_CAPTURE_AUTORELEASING = YES;
				CLANG_WARN_BOOL_CONVERSION = YES;
				CLANG_WARN_COMMA = YES;
				CLANG_WARN_CONSTANT_CONVERSION = YES;
				CLANG_WARN_DEPRECATED_OBJC_IMPLEMENTATIONS = YES;
				CLANG_WARN_DIRECT_OBJC_ISA_USAGE = YES_ERROR;
				CLANG_WARN_DOCUMENTATION_COMMENTS = YES;
				CLANG_WARN_EMPTY_BODY = YES;
				CLANG_WARN_ENUM_CONVERSION = YES;
				CLANG_WARN_INFINITE_RECURSION = YES;
				CLANG_WARN_INT_CONVERSION = YES;
				CLANG_WARN_NON_LITERAL_NULL_CONVERSION = YES;
				CLANG_WARN_OBJC_IMPLICIT_RETAIN_SELF = YES;
				CLANG_WARN_OBJC_LITERAL_CONVERSION = YES;
				CLANG_WARN_OBJC_ROOT_CLASS = YES_ERROR;
				CLANG_WARN_RANGE_LOOP_ANALYSIS = YES;
				CLANG_WARN_STRICT_PROTOTYPES = YES;
				CLANG_WARN_SUSPICIOUS_MOVE = YES;
				CLANG_WARN_UNGUARDED_AVAILABILITY = YES_AGGRESSIVE;
				CLANG_WARN_UNREACHABLE_CODE = YES;
				CLANG_WARN__DUPLICATE_METHOD_MATCH = YES;
				COPY_PHASE_STRIP = NO;
				DEBUG_INFORMATION_FORMAT = "dwarf-with-dsym";
				ENABLE_NS_ASSERTIONS = NO;
				ENABLE_STRICT_OBJC_MSGSEND = YES;
				GCC_C_LANGUAGE_STANDARD = gnu11;
				GCC_NO_COMMON_BLOCKS = YES;
				GCC_WARN_64_TO_32_BIT_CONVERSION = YES;
				GCC_WARN_ABOUT_RETURN_TYPE = YES_ERROR;
				GCC_WARN_UNDECLARED_SELECTOR = YES;
				GCC_WARN_UNINITIALIZED_AUTOS = YES_AGGRESSIVE;
				GCC_WARN_UNUSED_FUNCTION = YES;
				GCC_WARN_UNUSED_VARIABLE = YES;
				IPHONEOS_DEPLOYMENT_TARGET = 13.0;
				MTL_ENABLE_DEBUG_INFO = NO;
				MTL_FAST_MATH = YES;
				SDKROOT = iphoneos;
				SWIFT_COMPILATION_MODE = wholemodule;
				SWIFT_OPTIMIZATION_LEVEL = "-O";
				VALIDATE_PRODUCT = YES;
			};
			name = Release;
		};
		A66C2AF2295CC74B00527C05 /* Debug */ = {
			isa = XCBuildConfiguration;
			baseConfigurationReference = F2AD6CD7762E903B07A3021A /* Pods-iPollingSystem.debug.xcconfig */;
			buildSettings = {
				ASSETCATALOG_COMPILER_APPICON_NAME = AppIcon;
				CODE_SIGN_STYLE = Automatic;
				INFOPLIST_FILE = iPollingSystem/Info.plist;
				LD_RUNPATH_SEARCH_PATHS = (
					"$(inherited)",
					"@executable_path/Frameworks",
				);
				PRODUCT_BUNDLE_IDENTIFIER = Nextsense.iPollingSystem;
				PRODUCT_NAME = "$(TARGET_NAME)";
				SWIFT_VERSION = 5.0;
				TARGETED_DEVICE_FAMILY = "1,2";
			};
			name = Debug;
		};
		A66C2AF3295CC74B00527C05 /* Release */ = {
			isa = XCBuildConfiguration;
			baseConfigurationReference = 6820B863A0F9A66370C53CEC /* Pods-iPollingSystem.release.xcconfig */;
			buildSettings = {
				ASSETCATALOG_COMPILER_APPICON_NAME = AppIcon;
				CODE_SIGN_STYLE = Automatic;
				INFOPLIST_FILE = iPollingSystem/Info.plist;
				LD_RUNPATH_SEARCH_PATHS = (
					"$(inherited)",
					"@executable_path/Frameworks",
				);
				PRODUCT_BUNDLE_IDENTIFIER = Nextsense.iPollingSystem;
				PRODUCT_NAME = "$(TARGET_NAME)";
				SWIFT_VERSION = 5.0;
				TARGETED_DEVICE_FAMILY = "1,2";
			};
			name = Release;
		};
/* End XCBuildConfiguration section */

/* Begin XCConfigurationList section */
		A66C2AD8295CC74A00527C05 /* Build configuration list for PBXProject "iPollingSystem" */ = {
			isa = XCConfigurationList;
			buildConfigurations = (
				A66C2AEF295CC74B00527C05 /* Debug */,
				A66C2AF0295CC74B00527C05 /* Release */,
			);
			defaultConfigurationIsVisible = 0;
			defaultConfigurationName = Release;
		};
		A66C2AF1295CC74B00527C05 /* Build configuration list for PBXNativeTarget "iPollingSystem" */ = {
			isa = XCConfigurationList;
			buildConfigurations = (
				A66C2AF2295CC74B00527C05 /* Debug */,
				A66C2AF3295CC74B00527C05 /* Release */,
			);
			defaultConfigurationIsVisible = 0;
			defaultConfigurationName = Release;
		};
/* End XCConfigurationList section */
	};
	rootObject = A66C2AD5295CC74A00527C05 /* Project object */;
}
